
Microsoft Visual Studio Solution File, Format Version 12.00
# Visual Studio Version 17
VisualStudioVersion = 17.0.31903.59
MinimumVisualStudioVersion = 10.0.40219.1
Project("{2150E333-8FDC-42A3-9474-1A3956D46DE8}") = "src", "src", "{B4CAAF45-E766-4981-A23A-CEDB9BE8BAAE}"
EndProject
Project("{FAE04EC0-301F-11D3-BF4B-00C04F79EFBC}") = "PhoneShop.Catalog.WebApi", "src\PhoneShop.Catalog.WebApi\PhoneShop.Catalog.WebApi.csproj", "{B151119E-0CE4-462A-AE84-0598689D8255}"
EndProject
Global
	GlobalSection(SolutionProperties) = preSolution
		HideSolutionNode = FALSE
	EndGlobalSection
	GlobalSection(SolutionConfigurationPlatforms) = preSolution
		Debug|Any CPU = Debug|Any CPU
		Debug|x64 = Debug|x64
		Debug|x86 = Debug|x86
		Release|Any CPU = Release|Any CPU
		Release|x64 = Release|x64
		Release|x86 = Release|x86
	EndGlobalSection
	GlobalSection(ProjectConfigurationPlatforms) = postSolution
		{B151119E-0CE4-462A-AE84-0598689D8255}.Debug|Any CPU.ActiveCfg = Debug|Any CPU
		{B151119E-0CE4-462A-AE84-0598689D8255}.Debug|Any CPU.Build.0 = Debug|Any CPU
		{B151119E-0CE4-462A-AE84-0598689D8255}.Debug|x64.ActiveCfg = Debug|Any CPU
		{B151119E-0CE4-462A-AE84-0598689D8255}.Debug|x64.Build.0 = Debug|Any CPU
		{B151119E-0CE4-462A-AE84-0598689D8255}.Debug|x86.ActiveCfg = Debug|Any CPU
		{B151119E-0CE4-462A-AE84-0598689D8255}.Debug|x86.Build.0 = Debug|Any CPU
		{B151119E-0CE4-462A-AE84-0598689D8255}.Release|Any CPU.ActiveCfg = Release|Any CPU
		{B151119E-0CE4-462A-AE84-0598689D8255}.Release|Any CPU.Build.0 = Release|Any CPU
		{B151119E-0CE4-462A-AE84-0598689D8255}.Release|x64.ActiveCfg = Release|Any CPU
		{B151119E-0CE4-462A-AE84-0598689D8255}.Release|x64.Build.0 = Release|Any CPU
		{B151119E-0CE4-462A-AE84-0598689D8255}.Release|x86.ActiveCfg = Release|Any CPU
		{B151119E-0CE4-462A-AE84-0598689D8255}.Release|x86.Build.0 = Release|Any CPU
	EndGlobalSection
	GlobalSection(NestedProjects) = preSolution
		{B151119E-0CE4-462A-AE84-0598689D8255} = {B4CAAF45-E766-4981-A23A-CEDB9BE8BAAE}
	EndGlobalSection
EndGlobal
